// !$*UTF8*$!
{
	archiveVersion = 1;
	classes = {
	};
	objectVersion = 77;
	objects = {

/* Begin PBXBuildFile section */
		14D864DC1DCC80E54912E094 /* Assets.xcassets in Resources */ = {isa = PBXBuildFile; fileRef = 444CC4B50E981DF14A71D63F /* Assets.xcassets */; };
		5C7502066DD2BA7585EDE82C /* CropViewport.swift in Sources */ = {isa = PBXBuildFile; fileRef = E07D74BE9809689F6BD565A4 /* CropViewport.swift */; };
		703FA9A2CB3BE38E6B5D86D5 /* BadgeConnection.swift in Sources */ = {isa = PBXBuildFile; fileRef = 5764C0060EF0598BFF9E814E /* BadgeConnection.swift */; };
		AEE620E470C2D3EFAF990FDF /* Wire.swift in Sources */ = {isa = PBXBuildFile; fileRef = 8E7B6DAAB51E74F223D29F3F /* Wire.swift */; };
		B32B5B2B7685C49C4262621B /* PhotoEditor.swift in Sources */ = {isa = PBXBuildFile; fileRef = 4480214A2AB63A283DF0A3D1 /* PhotoEditor.swift */; };
		CE90CA1F16407BB812AE152E /* BadgeStudioApp.swift in Sources */ = {isa = PBXBuildFile; fileRef = F6ED2E8AAE7BBD6679B58DDC /* BadgeStudioApp.swift */; };
/* End PBXBuildFile section */

/* Begin PBXFileReference section */
		2D38DBB1AEE2753717530BF5 /* Info.plist */ = {isa = PBXFileReference; lastKnownFileType = text.plist; path = Info.plist; sourceTree = "<group>"; };
		444CC4B50E981DF14A71D63F /* Assets.xcassets */ = {isa = PBXFileReference; lastKnownFileType = folder.assetcatalog; path = Assets.xcassets; sourceTree = "<group>"; };
		4480214A2AB63A283DF0A3D1 /* PhotoEditor.swift */ = {isa = PBXFileReference; lastKnownFileType = sourcecode.swift; path = PhotoEditor.swift; sourceTree = "<group>"; };
		5764C0060EF0598BFF9E814E /* BadgeConnection.swift */ = {isa = PBXFileReference; lastKnownFileType = sourcecode.swift; path = BadgeConnection.swift; sourceTree = "<group>"; };
		8E7B6DAAB51E74F223D29F3F /* Wire.swift */ = {isa = PBXFileReference; lastKnownFileType = sourcecode.swift; path = Wire.swift; sourceTree = "<group>"; };
		9C8F308689CC671996187938 /* BadgeStudio.app */ = {isa = PBXFileReference; includeInIndex = 0; lastKnownFileType = wrapper.application; path = BadgeStudio.app; sourceTree = BUILT_PRODUCTS_DIR; };
		E07D74BE9809689F6BD565A4 /* CropViewport.swift */ = {isa = PBXFileReference; lastKnownFileType = sourcecode.swift; path = CropViewport.swift; sourceTree = "<group>"; };
		F6ED2E8AAE7BBD6679B58DDC /* BadgeStudioApp.swift */ = {isa = PBXFileReference; lastKnownFileType = sourcecode.swift; path = BadgeStudioApp.swift; sourceTree = "<group>"; };
/* End PBXFileReference section */

/* Begin PBXGroup section */
		24832A9B93DF915AA8C32552 /* Sources */ = {
			isa = PBXGroup;
			children = (
				5764C0060EF0598BFF9E814E /* BadgeConnection.swift */,
				F6ED2E8AAE7BBD6679B58DDC /* BadgeStudioApp.swift */,
				E07D74BE9809689F6BD565A4 /* CropViewport.swift */,
				4480214A2AB63A283DF0A3D1 /* PhotoEditor.swift */,
				8E7B6DAAB51E74F223D29F3F /* Wire.swift */,
			);
			path = Sources;
			sourceTree = "<group>";
		};
		7190EB46CD70CF7AF0E507B8 /* Products */ = {
			isa = PBXGroup;
			children = (
				9C8F308689CC671996187938 /* BadgeStudio.app */,
			);
			name = Products;
			sourceTree = "<group>";
		};
		AEB58588959C724DB6C60366 = {
			isa = PBXGroup;
			children = (
				BF2259ABC556395DF1F45D35 /* BadgeStudio */,
				7190EB46CD70CF7AF0E507B8 /* Products */,
			);
			sourceTree = "<group>";
		};
		BF2259ABC556395DF1F45D35 /* BadgeStudio */ = {
			isa = PBXGroup;
			children = (
				444CC4B50E981DF14A71D63F /* Assets.xcassets */,
				2D38DBB1AEE2753717530BF5 /* Info.plist */,
				24832A9B93DF915AA8C32552 /* Sources */,
			);
			path = BadgeStudio;
			sourceTree = "<group>";
		};
/* End PBXGroup section */

/* Begin PBXNativeTarget section */
		21FA7A83C31C8D0D848B6D3B /* BadgeStudio */ = {
			isa = PBXNativeTarget;
			buildConfigurationList = 3C63F679FC11E4EA8ABBC413 /* Build configuration list for PBXNativeTarget "BadgeStudio" */;
			buildPhases = (
				6E3F287CF3EE5D6604294BD3 /* Sources */,
				645B1092FEB131DDD95FDC32 /* Resources */,
			);
			buildRules = (
			);
			dependencies = (
			);
			name = BadgeStudio;
			packageProductDependencies = (
			);
			productName = BadgeStudio;
			productReference = 9C8F308689CC671996187938 /* BadgeStudio.app */;
			productType = "com.apple.product-type.application";
		};
/* End PBXNativeTarget section */

/* Begin PBXProject section */
		7529C5A79E200BBBE367E939 /* Project object */ = {
			isa = PBXProject;
			attributes = {
				BuildIndependentTargetsInParallel = YES;
				LastUpgradeCheck = 1430;
				TargetAttributes = {
					21FA7A83C31C8D0D848B6D3B = {
						ProvisioningStyle = Automatic;
					};
				};
			};
			buildConfigurationList = CA18A8B21407B71A3164C0C0 /* Build configuration list for PBXProject "BadgeStudio" */;
			developmentRegion = en;
			hasScannedForEncodings = 0;
			knownRegions = (
				Base,
				en,
			);
			mainGroup = AEB58588959C724DB6C60366;
			minimizedProjectReferenceProxies = 1;
			preferredProjectObjectVersion = 77;
			productRefGroup = 7190EB46CD70CF7AF0E507B8 /* Products */;
			projectDirPath = "";
			projectRoot = "";
			targets = (
				21FA7A83C31C8D0D848B6D3B /* BadgeStudio */,
			);
		};
/* End PBXProject section */

/* Begin PBXResourcesBuildPhase section */
		645B1092FEB131DDD95FDC32 /* Resources */ = {
			isa = PBXResourcesBuildPhase;
			buildActionMask = 2147483647;
			files = (
				14D864DC1DCC80E54912E094 /* Assets.xcassets in Resources */,
			);
			runOnlyForDeploymentPostprocessing = 0;
		};
/* End PBXResourcesBuildPhase section */

/* Begin PBXSourcesBuildPhase section */
		6E3F287CF3EE5D6604294BD3 /* Sources */ = {
			isa = PBXSourcesBuildPhase;
			buildActionMask = 2147483647;
			files = (
				703FA9A2CB3BE38E6B5D86D5 /* BadgeConnection.swift in Sources */,
				CE90CA1F16407BB812AE152E /* BadgeStudioApp.swift in Sources */,
				5C7502066DD2BA7585EDE82C /* CropViewport.swift in Sources */,
				B32B5B2B7685C49C4262621B /* PhotoEditor.swift in Sources */,
				AEE620E470C2D3EFAF990FDF /* Wire.swift in Sources */,
			);
			runOnlyForDeploymentPostprocessing = 0;
		};
/* End PBXSourcesBuildPhase section */

/* Begin XCBuildConfiguration section */
		25F2FB85586D912110173249 /* Release */ = {
			isa = XCBuildConfiguration;
			buildSettings = {
				ALWAYS_SEARCH_USER_PATHS = NO;
				CLANG_ANALYZER_NONNULL = YES;
				CLANG_ANALYZER_NUMBER_OBJECT_CONVERSION = YES_AGGRESSIVE;
				CLANG_CXX_LANGUAGE_STANDARD = "gnu++14";
				CLANG_CXX_LIBRARY = "libc++";
				CLANG_ENABLE_MODULES = YES;
				CLANG_ENABLE_OBJC_ARC = YES;
				CLANG_ENABLE_OBJC_WEAK = YES;
				CLANG_WARN_BLOCK_CAPTURE_AUTORELEASING = YES;
				CLANG_WARN_BOOL_CONVERSION = YES;
				CLANG_WARN_COMMA = YES;
				CLANG_WARN_CONSTANT_CONVERSION = YES;
				CLANG_WARN_DEPRECATED_OBJC_IMPLEMENTATIONS = YES;
				CLANG_WARN_DIRECT_OBJC_ISA_USAGE = YES_ERROR;
				CLANG_WARN_DOCUMENTATION_COMMENTS = YES;
				CLANG_WARN_EMPTY_BODY = YES;
				CLANG_WARN_ENUM_CONVERSION = YES;
				CLANG_WARN_INFINITE_RECURSION = YES;
				CLANG_WARN_INT_CONVERSION = YES;
				CLANG_WARN_NON_LITERAL_NULL_CONVERSION = YES;
				CLANG_WARN_OBJC_IMPLICIT_RETAIN_SELF = YES;
				CLANG_WARN_OBJC_LITERAL_CONVERSION = YES;
				CLANG_WARN_OBJC_ROOT_CLASS = YES_ERROR;
				CLANG_WARN_QUOTED_INCLUDE_IN_FRAMEWORK_HEADER = YES;
				CLANG_WARN_RANGE_LOOP_ANALYSIS = YES;
				CLANG_WARN_STRICT_PROTOTYPES = YES;
				CLANG_WARN_SUSPICIOUS_MOVE = YES;
				CLANG_WARN_UNGUARDED_AVAILABILITY = YES_AGGRESSIVE;
				CLANG_WARN_UNREACHABLE_CODE = YES;
				CLANG_WARN__DUPLICATE_METHOD_MATCH = YES;
				CODE_SIGN_STYLE = Automatic;
				COPY_PHASE_STRIP = NO;
				CURRENT_PROJECT_VERSION = 1;
				DEBUG_INFORMATION_FORMAT = "dwarf-with-dsym";
				ENABLE_NS_ASSERTIONS = NO;
				ENABLE_STRICT_OBJC_MSGSEND = YES;
				GCC_C_LANGUAGE_STANDARD = gnu11;
				GCC_NO_COMMON_BLOCKS = YES;
				GCC_WARN_64_TO_32_BIT_CONVERSION = YES;
				GCC_WARN_ABOUT_RETURN_TYPE = YES_ERROR;
				GCC_WARN_UNDECLARED_SELECTOR = YES;
				GCC_WARN_UNINITIALIZED_AUTOS = YES_AGGRESSIVE;
				GCC_WARN_UNUSED_FUNCTION = YES;
				GCC_WARN_UNUSED_VARIABLE = YES;
				IPHONEOS_DEPLOYMENT_TARGET = 17.0;
				MARKETING_VERSION = 1.0.0;
				MTL_ENABLE_DEBUG_INFO = NO;
				MTL_FAST_MATH = YES;
				PRODUCT_NAME = "$(TARGET_NAME)";
				SDKROOT = iphoneos;
				SWIFT_COMPILATION_MODE = wholemodule;
				SWIFT_OPTIMIZATION_LEVEL = "-O";
				SWIFT_VERSION = 6.0;
				TARGETED_DEVICE_FAMILY = 1;
			};
			name = Release;
		};
		59738E721FFEB324AB217552 /* Release */ = {
			isa = XCBuildConfiguration;
			buildSettings = {
				ASSETCATALOG_COMPILER_APPICON_NAME = AppIcon;
				CODE_SIGN_IDENTITY = "iPhone Developer";
				INFOPLIST_FILE = BadgeStudio/Info.plist;
				INFOPLIST_KEY_CFBundleDisplayName = "吧唧";
				LD_RUNPATH_SEARCH_PATHS = (
					"$(inherited)",
					"@executable_path/Frameworks",
				);
				PRODUCT_BUNDLE_IDENTIFIER = com.micro66.BadgeStudio;
				SDKROOT = iphoneos;
				TARGETED_DEVICE_FAMILY = "1,2";
			};
			name = Release;
		};
		8F728267C5CB1EED04138CBA /* Debug */ = {
			isa = XCBuildConfiguration;
			buildSettings = {
				ASSETCATALOG_COMPILER_APPICON_NAME = AppIcon;
				CODE_SIGN_IDENTITY = "iPhone Developer";
				INFOPLIST_FILE = BadgeStudio/Info.plist;
				INFOPLIST_KEY_CFBundleDisplayName = "吧唧";
				LD_RUNPATH_SEARCH_PATHS = (
					"$(inherited)",
					"@executable_path/Frameworks",
				);
				PRODUCT_BUNDLE_IDENTIFIER = com.micro66.BadgeStudio;
				SDKROOT = iphoneos;
				TARGETED_DEVICE_FAMILY = "1,2";
			};
			name = Debug;
		};
		A9624B3221347D8136A5D58A /* Debug */ = {
			isa = XCBuildConfiguration;
			buildSettings = {
				ALWAYS_SEARCH_USER_PATHS = NO;
				CLANG_ANALYZER_NONNULL = YES;
				CLANG_ANALYZER_NUMBER_OBJECT_CONVERSION = YES_AGGRESSIVE;
				CLANG_CXX_LANGUAGE_STANDARD = "gnu++14";
				CLANG_CXX_LIBRARY = "libc++";
				CLANG_ENABLE_MODULES = YES;
				CLANG_ENABLE_OBJC_ARC = YES;
				CLANG_ENABLE_OBJC_WEAK = YES;
				CLANG_WARN_BLOCK_CAPTURE_AUTORELEASING = YES;
				CLANG_WARN_BOOL_CONVERSION = YES;
				CLANG_WARN_COMMA = YES;
				CLANG_WARN_CONSTANT_CONVERSION = YES;
				CLANG_WARN_DEPRECATED_OBJC_IMPLEMENTATIONS = YES;
				CLANG_WARN_DIRECT_OBJC_ISA_USAGE = YES_ERROR;
				CLANG_WARN_DOCUMENTATION_COMMENTS = YES;
				CLANG_WARN_EMPTY_BODY = YES;
				CLANG_WARN_ENUM_CONVERSION = YES;
				CLANG_WARN_INFINITE_RECURSION = YES;
				CLANG_WARN_INT_CONVERSION = YES;
				CLANG_WARN_NON_LITERAL_NULL_CONVERSION = YES;
				CLANG_WARN_OBJC_IMPLICIT_RETAIN_SELF = YES;
				CLANG_WARN_OBJC_LITERAL_CONVERSION = YES;
				CLANG_WARN_OBJC_ROOT_CLASS = YES_ERROR;
				CLANG_WARN_QUOTED_INCLUDE_IN_FRAMEWORK_HEADER = YES;
				CLANG_WARN_RANGE_LOOP_ANALYSIS = YES;
				CLANG_WARN_STRICT_PROTOTYPES = YES;
				CLANG_WARN_SUSPICIOUS_MOVE = YES;
				CLANG_WARN_UNGUARDED_AVAILABILITY = YES_AGGRESSIVE;
				CLANG_WARN_UNREACHABLE_CODE = YES;
				CLANG_WARN__DUPLICATE_METHOD_MATCH = YES;
				CODE_SIGN_STYLE = Automatic;
				COPY_PHASE_STRIP = NO;
				CURRENT_PROJECT_VERSION = 1;
				DEBUG_INFORMATION_FORMAT = dwarf;
				ENABLE_STRICT_OBJC_MSGSEND = YES;
				ENABLE_TESTABILITY = YES;
				GCC_C_LANGUAGE_STANDARD = gnu11;
				GCC_DYNAMIC_NO_PIC = NO;
				GCC_NO_COMMON_BLOCKS = YES;
				GCC_OPTIMIZATION_LEVEL = 0;
				GCC_PREPROCESSOR_DEFINITIONS = (
					"$(inherited)",
					"DEBUG=1",
				);
				GCC_WARN_64_TO_32_BIT_CONVERSION = YES;
				GCC_WARN_ABOUT_RETURN_TYPE = YES_ERROR;
				GCC_WARN_UNDECLARED_SELECTOR = YES;
				GCC_WARN_UNINITIALIZED_AUTOS = YES_AGGRESSIVE;
				GCC_WARN_UNUSED_FUNCTION = YES;
				GCC_WARN_UNUSED_VARIABLE = YES;
				IPHONEOS_DEPLOYMENT_TARGET = 17.0;
				MARKETING_VERSION = 1.0.0;
				MTL_ENABLE_DEBUG_INFO = INCLUDE_SOURCE;
				MTL_FAST_MATH = YES;
				ONLY_ACTIVE_ARCH = YES;
				PRODUCT_NAME = "$(TARGET_NAME)";
				SDKROOT = iphoneos;
				SWIFT_ACTIVE_COMPILATION_CONDITIONS = DEBUG;
				SWIFT_OPTIMIZATION_LEVEL = "-Onone";
				SWIFT_VERSION = 6.0;
				TARGETED_DEVICE_FAMILY = 1;
			};
			name = Debug;
		};
/* End XCBuildConfiguration section */

/* Begin XCConfigurationList section */
		3C63F679FC11E4EA8ABBC413 /* Build configuration list for PBXNativeTarget "BadgeStudio" */ = {
			isa = XCConfigurationList;
			buildConfigurations = (
				8F728267C5CB1EED04138CBA /* Debug */,
				59738E721FFEB324AB217552 /* Release */,
			);
			defaultConfigurationIsVisible = 0;
			defaultConfigurationName = Debug;
		};
		CA18A8B21407B71A3164C0C0 /* Build configuration list for PBXProject "BadgeStudio" */ = {
			isa = XCConfigurationList;
			buildConfigurations = (
				A9624B3221347D8136A5D58A /* Debug */,
				25F2FB85586D912110173249 /* Release */,
			);
			defaultConfigurationIsVisible = 0;
			defaultConfigurationName = Debug;
		};
/* End XCConfigurationList section */
	};
	rootObject = 7529C5A79E200BBBE367E939 /* Project object */;
}
